
Microsoft Visual Studio Solution File, Format Version 12.00
# Visual Studio 15
VisualStudioVersion = 15.0.27428.2037
MinimumVisualStudioVersion = 10.0.40219.1
Project("{FAE04EC0-301F-11D3-BF4B-00C04F79EFBC}") = "XECrawler", "XECrawler\XECrawler.csproj", "{FB85EAAF-BEA7-4AA2-B464-6A978BC663D5}"
EndProject
Global
	GlobalSection(SolutionConfigurationPlatforms) = preSolution
		Debug|Any CPU = Debug|Any CPU
		Release|Any CPU = Release|Any CPU
	EndGlobalSection
	GlobalSection(ProjectConfigurationPlatforms) = postSolution
		{FB85EAAF-BEA7-4AA2-B464-6A978BC663D5}.Debug|Any CPU.ActiveCfg = Debug|Any CPU
		{FB85EAAF-BEA7-4AA2-B464-6A978BC663D5}.Debug|Any CPU.Build.0 = Debug|Any CPU
		{FB85EAAF-BEA7-4AA2-B464-6A978BC663D5}.Release|Any CPU.ActiveCfg = Release|Any CPU
		{FB85EAAF-BEA7-4AA2-B464-6A978BC663D5}.Release|Any CPU.Build.0 = Release|Any CPU
	EndGlobalSection
	GlobalSection(SolutionProperties) = preSolution
		HideSolutionNode = FALSE
	EndGlobalSection
	GlobalSection(ExtensibilityGlobals) = postSolution
		SolutionGuid = {C0067A70-43E9-4141-9EAA-BEE5AC4952D0}
	EndGlobalSection
EndGlobal
